PODS:
  - QBIndicatorButton (0.1.7)

DEPENDENCIES:
  - QBIndicatorButton (from `../`)

EXTERNAL SOURCES:
  QBIndicatorButton:
    :path: "../"

SPEC CHECKSUMS:
  QBIndicatorButton: a75035339ece444c7e5c2b24ef465d5fbddabd77

PODFILE CHECKSUM: f016274f9b262c04a9c33dcc9a382a3394773b1d

COCOAPODS: 1.10.1
