PODS:
  - QBIndicatorButton (0.1.3)

DEPENDENCIES:
  - QBIndicatorButton (from `../`)

EXTERNAL SOURCES:
  QBIndicatorButton:
    :path: "../"

SPEC CHECKSUMS:
  QBIndicatorButton: b8549d4a2dcee9acc5b1a8841be8b05818a2b5dd

PODFILE CHECKSUM: 616415c6e2562b1d16fb5bc719738f6a8b00d565

COCOAPODS: 1.10.1
